
Microsoft Visual Studio Solution File, Format Version 12.00
# Visual Studio Version 17
VisualStudioVersion = 17.8.34330.188
MinimumVisualStudioVersion = 10.0.40219.1
Project("{9A19103F-16F7-4668-BE54-9A1E7A4F7556}") = "CRUD.Core", "CRUD.Core\CRUD.Core.csproj", "{5DA08601-7830-4601-95B4-77D7D29A106A}"
EndProject
Project("{9A19103F-16F7-4668-BE54-9A1E7A4F7556}") = "CRUD.Contracts", "CRUD.Contracts\CRUD.Contracts.csproj", "{5F94985D-88EC-49F7-8395-30A06E9D9C69}"
EndProject
Project("{9A19103F-16F7-4668-BE54-9A1E7A4F7556}") = "CRUD.Functions", "CRUD.Functions\CRUD.Functions.csproj", "{2DD40D52-E881-4D2B-A301-1C3D108C8480}"
EndProject
Project("{9A19103F-16F7-4668-BE54-9A1E7A4F7556}") = "CRUD.Repository", "CRUD.Repository\CRUD.Repository.csproj", "{E126B339-7F81-445A-B63C-2A45FC49947F}"
EndProject
Project("{9A19103F-16F7-4668-BE54-9A1E7A4F7556}") = "CRUD.xUnitTests", "CRUD.xUnitTests\CRUD.xUnitTests.csproj", "{0BC9DDE1-510B-4EB2-A06E-C5BEBC200698}"
EndProject
Global
	GlobalSection(SolutionConfigurationPlatforms) = preSolution
		Debug|Any CPU = Debug|Any CPU
		Release|Any CPU = Release|Any CPU
	EndGlobalSection
	GlobalSection(ProjectConfigurationPlatforms) = postSolution
		{5DA08601-7830-4601-95B4-77D7D29A106A}.Debug|Any CPU.ActiveCfg = Debug|Any CPU
		{5DA08601-7830-4601-95B4-77D7D29A106A}.Debug|Any CPU.Build.0 = Debug|Any CPU
		{5DA08601-7830-4601-95B4-77D7D29A106A}.Release|Any CPU.ActiveCfg = Release|Any CPU
		{5DA08601-7830-4601-95B4-77D7D29A106A}.Release|Any CPU.Build.0 = Release|Any CPU
		{5F94985D-88EC-49F7-8395-30A06E9D9C69}.Debug|Any CPU.ActiveCfg = Debug|Any CPU
		{5F94985D-88EC-49F7-8395-30A06E9D9C69}.Debug|Any CPU.Build.0 = Debug|Any CPU
		{5F94985D-88EC-49F7-8395-30A06E9D9C69}.Release|Any CPU.ActiveCfg = Release|Any CPU
		{5F94985D-88EC-49F7-8395-30A06E9D9C69}.Release|Any CPU.Build.0 = Release|Any CPU
		{2DD40D52-E881-4D2B-A301-1C3D108C8480}.Debug|Any CPU.ActiveCfg = Debug|Any CPU
		{2DD40D52-E881-4D2B-A301-1C3D108C8480}.Debug|Any CPU.Build.0 = Debug|Any CPU
		{2DD40D52-E881-4D2B-A301-1C3D108C8480}.Release|Any CPU.ActiveCfg = Release|Any CPU
		{2DD40D52-E881-4D2B-A301-1C3D108C8480}.Release|Any CPU.Build.0 = Release|Any CPU
		{E126B339-7F81-445A-B63C-2A45FC49947F}.Debug|Any CPU.ActiveCfg = Debug|Any CPU
		{E126B339-7F81-445A-B63C-2A45FC49947F}.Debug|Any CPU.Build.0 = Debug|Any CPU
		{E126B339-7F81-445A-B63C-2A45FC49947F}.Release|Any CPU.ActiveCfg = Release|Any CPU
		{E126B339-7F81-445A-B63C-2A45FC49947F}.Release|Any CPU.Build.0 = Release|Any CPU
		{0BC9DDE1-510B-4EB2-A06E-C5BEBC200698}.Debug|Any CPU.ActiveCfg = Debug|Any CPU
		{0BC9DDE1-510B-4EB2-A06E-C5BEBC200698}.Debug|Any CPU.Build.0 = Debug|Any CPU
		{0BC9DDE1-510B-4EB2-A06E-C5BEBC200698}.Release|Any CPU.ActiveCfg = Release|Any CPU
		{0BC9DDE1-510B-4EB2-A06E-C5BEBC200698}.Release|Any CPU.Build.0 = Release|Any CPU
	EndGlobalSection
	GlobalSection(SolutionProperties) = preSolution
		HideSolutionNode = FALSE
	EndGlobalSection
	GlobalSection(ExtensibilityGlobals) = postSolution
		SolutionGuid = {99DEB7DD-67FE-4DEC-A465-442AF5F4399F}
	EndGlobalSection
EndGlobal
