
Microsoft Visual Studio Solution File, Format Version 12.00
# Visual Studio Version 17
VisualStudioVersion = 17.8.34330.188
MinimumVisualStudioVersion = 10.0.40219.1
Project("{9A19103F-16F7-4668-BE54-9A1E7A4F7556}") = "CRUD.DataStructures", "CRUD.DataStructures\CRUD.DataStructures.csproj", "{99A11ADD-89D5-4715-9CB0-065257CC1865}"
EndProject
Project("{9A19103F-16F7-4668-BE54-9A1E7A4F7556}") = "CRUD.DataBank", "CRUD.DataBank\CRUD.DataBank.csproj", "{9D9C3686-A1A6-4FF7-A51B-B60DFDC85E44}"
EndProject
Project("{9A19103F-16F7-4668-BE54-9A1E7A4F7556}") = "CRUD.DataBase", "CRUD.DataBase\CRUD.DataBase.csproj", "{99A39697-D4CB-4448-95FC-4887731A7D2F}"
EndProject
Project("{9A19103F-16F7-4668-BE54-9A1E7A4F7556}") = "CRUD.Functions", "CRUD.TableFunctions\CRUD.Functions.csproj", "{02E6BDA5-5671-421C-875A-5A86216F4FBD}"
EndProject
Project("{9A19103F-16F7-4668-BE54-9A1E7A4F7556}") = "CRUD.xUnitTests", "CRUD.xUnitTests\CRUD.xUnitTests.csproj", "{78D9CCCB-E9B7-4B5A-A201-C526C46EF9F5}"
EndProject
Project("{9A19103F-16F7-4668-BE54-9A1E7A4F7556}") = "CRUD.Core", "CRUD.Core\CRUD.Core.csproj", "{58432DB5-012A-4907-B2C6-B4122E31E151}"
EndProject
Global
	GlobalSection(SolutionConfigurationPlatforms) = preSolution
		Debug|Any CPU = Debug|Any CPU
		Release|Any CPU = Release|Any CPU
	EndGlobalSection
	GlobalSection(ProjectConfigurationPlatforms) = postSolution
		{99A11ADD-89D5-4715-9CB0-065257CC1865}.Debug|Any CPU.ActiveCfg = Debug|Any CPU
		{99A11ADD-89D5-4715-9CB0-065257CC1865}.Debug|Any CPU.Build.0 = Debug|Any CPU
		{99A11ADD-89D5-4715-9CB0-065257CC1865}.Release|Any CPU.ActiveCfg = Release|Any CPU
		{99A11ADD-89D5-4715-9CB0-065257CC1865}.Release|Any CPU.Build.0 = Release|Any CPU
		{9D9C3686-A1A6-4FF7-A51B-B60DFDC85E44}.Debug|Any CPU.ActiveCfg = Debug|Any CPU
		{9D9C3686-A1A6-4FF7-A51B-B60DFDC85E44}.Debug|Any CPU.Build.0 = Debug|Any CPU
		{9D9C3686-A1A6-4FF7-A51B-B60DFDC85E44}.Release|Any CPU.ActiveCfg = Release|Any CPU
		{9D9C3686-A1A6-4FF7-A51B-B60DFDC85E44}.Release|Any CPU.Build.0 = Release|Any CPU
		{99A39697-D4CB-4448-95FC-4887731A7D2F}.Debug|Any CPU.ActiveCfg = Debug|Any CPU
		{99A39697-D4CB-4448-95FC-4887731A7D2F}.Debug|Any CPU.Build.0 = Debug|Any CPU
		{99A39697-D4CB-4448-95FC-4887731A7D2F}.Release|Any CPU.ActiveCfg = Release|Any CPU
		{99A39697-D4CB-4448-95FC-4887731A7D2F}.Release|Any CPU.Build.0 = Release|Any CPU
		{02E6BDA5-5671-421C-875A-5A86216F4FBD}.Debug|Any CPU.ActiveCfg = Debug|Any CPU
		{02E6BDA5-5671-421C-875A-5A86216F4FBD}.Debug|Any CPU.Build.0 = Debug|Any CPU
		{02E6BDA5-5671-421C-875A-5A86216F4FBD}.Release|Any CPU.ActiveCfg = Release|Any CPU
		{02E6BDA5-5671-421C-875A-5A86216F4FBD}.Release|Any CPU.Build.0 = Release|Any CPU
		{78D9CCCB-E9B7-4B5A-A201-C526C46EF9F5}.Debug|Any CPU.ActiveCfg = Debug|Any CPU
		{78D9CCCB-E9B7-4B5A-A201-C526C46EF9F5}.Debug|Any CPU.Build.0 = Debug|Any CPU
		{78D9CCCB-E9B7-4B5A-A201-C526C46EF9F5}.Release|Any CPU.ActiveCfg = Release|Any CPU
		{78D9CCCB-E9B7-4B5A-A201-C526C46EF9F5}.Release|Any CPU.Build.0 = Release|Any CPU
		{58432DB5-012A-4907-B2C6-B4122E31E151}.Debug|Any CPU.ActiveCfg = Debug|Any CPU
		{58432DB5-012A-4907-B2C6-B4122E31E151}.Debug|Any CPU.Build.0 = Debug|Any CPU
		{58432DB5-012A-4907-B2C6-B4122E31E151}.Release|Any CPU.ActiveCfg = Release|Any CPU
		{58432DB5-012A-4907-B2C6-B4122E31E151}.Release|Any CPU.Build.0 = Release|Any CPU
	EndGlobalSection
	GlobalSection(SolutionProperties) = preSolution
		HideSolutionNode = FALSE
	EndGlobalSection
	GlobalSection(ExtensibilityGlobals) = postSolution
		SolutionGuid = {99DEB7DD-67FE-4DEC-A465-442AF5F4399F}
	EndGlobalSection
EndGlobal
